
Microsoft Visual Studio Solution File, Format Version 12.00
# Visual Studio Version 17
VisualStudioVersion = 17.11.35208.52
MinimumVisualStudioVersion = 10.0.40219.1
Project("{778DAE3C-4631-46EA-AA77-85C1314464D9}") = "Practico1", "Practico1\Practico1.vbproj", "{306364D4-E93E-471B-A1F2-4A2F67B12FCA}"
EndProject
Project("{778DAE3C-4631-46EA-AA77-85C1314464D9}") = "Practico2", "Practico2\Practico2.vbproj", "{79843221-472F-4F53-B114-BFA29B4639F5}"
EndProject
Project("{F184B08F-C81C-45F6-A57F-5ABD9991F28F}") = "Practico4", "Practico4\Practico4.vbproj", "{DD56A3CE-3709-4E57-AC1E-32A55AACB288}"
EndProject
Global
	GlobalSection(SolutionConfigurationPlatforms) = preSolution
		Debug|Any CPU = Debug|Any CPU
		Release|Any CPU = Release|Any CPU
	EndGlobalSection
	GlobalSection(ProjectConfigurationPlatforms) = postSolution
		{306364D4-E93E-471B-A1F2-4A2F67B12FCA}.Debug|Any CPU.ActiveCfg = Debug|Any CPU
		{306364D4-E93E-471B-A1F2-4A2F67B12FCA}.Debug|Any CPU.Build.0 = Debug|Any CPU
		{306364D4-E93E-471B-A1F2-4A2F67B12FCA}.Release|Any CPU.ActiveCfg = Release|Any CPU
		{306364D4-E93E-471B-A1F2-4A2F67B12FCA}.Release|Any CPU.Build.0 = Release|Any CPU
		{79843221-472F-4F53-B114-BFA29B4639F5}.Debug|Any CPU.ActiveCfg = Debug|Any CPU
		{79843221-472F-4F53-B114-BFA29B4639F5}.Debug|Any CPU.Build.0 = Debug|Any CPU
		{79843221-472F-4F53-B114-BFA29B4639F5}.Release|Any CPU.ActiveCfg = Release|Any CPU
		{79843221-472F-4F53-B114-BFA29B4639F5}.Release|Any CPU.Build.0 = Release|Any CPU
		{DD56A3CE-3709-4E57-AC1E-32A55AACB288}.Debug|Any CPU.ActiveCfg = Debug|Any CPU
		{DD56A3CE-3709-4E57-AC1E-32A55AACB288}.Debug|Any CPU.Build.0 = Debug|Any CPU
		{DD56A3CE-3709-4E57-AC1E-32A55AACB288}.Release|Any CPU.ActiveCfg = Release|Any CPU
		{DD56A3CE-3709-4E57-AC1E-32A55AACB288}.Release|Any CPU.Build.0 = Release|Any CPU
	EndGlobalSection
	GlobalSection(SolutionProperties) = preSolution
		HideSolutionNode = FALSE
	EndGlobalSection
	GlobalSection(ExtensibilityGlobals) = postSolution
		SolutionGuid = {2DE0F3EF-6F35-463C-B114-C5659D215B63}
	EndGlobalSection
EndGlobal
